
Microsoft Visual Studio Solution File, Format Version 12.00
# Visual Studio 15
VisualStudioVersion = 15.0.27130.2027
MinimumVisualStudioVersion = 10.0.40219.1
Project("{FAE04EC0-301F-11D3-BF4B-00C04F79EFBC}") = "WLMerge", "WLMerge\WLMerge.csproj", "{D08FB279-3661-460E-93A6-7B9440B1AE2B}"
EndProject
Global
	GlobalSection(SolutionConfigurationPlatforms) = preSolution
		Debug|Any CPU = Debug|Any CPU
		Release|Any CPU = Release|Any CPU
	EndGlobalSection
	GlobalSection(ProjectConfigurationPlatforms) = postSolution
		{D08FB279-3661-460E-93A6-7B9440B1AE2B}.Debug|Any CPU.ActiveCfg = Debug|Any CPU
		{D08FB279-3661-460E-93A6-7B9440B1AE2B}.Debug|Any CPU.Build.0 = Debug|Any CPU
		{D08FB279-3661-460E-93A6-7B9440B1AE2B}.Release|Any CPU.ActiveCfg = Release|Any CPU
		{D08FB279-3661-460E-93A6-7B9440B1AE2B}.Release|Any CPU.Build.0 = Release|Any CPU
	EndGlobalSection
	GlobalSection(SolutionProperties) = preSolution
		HideSolutionNode = FALSE
	EndGlobalSection
	GlobalSection(ExtensibilityGlobals) = postSolution
		SolutionGuid = {F14FF4C6-1F72-4E11-B092-E073021CC70E}
	EndGlobalSection
EndGlobal
